
Microsoft Visual Studio Solution File, Format Version 12.00
# Visual Studio Version 17
VisualStudioVersion = 17.14.36221.1
MinimumVisualStudioVersion = 10.0.40219.1
Project("{FAE04EC0-301F-11D3-BF4B-00C04F79EFBC}") = "01_MainSubjects", "01_MainSubjects\01_MainSubjects.csproj", "{F750C7BD-00FC-408A-ACF4-866CBF5CC8C3}"
EndProject
Project("{FAE04EC0-301F-11D3-BF4B-00C04F79EFBC}") = "02_Variables", "02_Variables\02_Variables.csproj", "{F84156CF-C165-4009-9B20-2DB0F3C3E9C8}"
EndProject
Project("{FAE04EC0-301F-11D3-BF4B-00C04F79EFBC}") = "03_MakingDecision", "03_MakingDecision\03_MakingDecision.csproj", "{6F693F46-F052-4A3D-B80F-2BF6D37BF598}"
EndProject
Project("{FAE04EC0-301F-11D3-BF4B-00C04F79EFBC}") = "04_Loops", "04_Loops\04_Loops.csproj", "{A6F32E55-F848-4FCB-A76C-DCE46C4E0F14}"
EndProject
Project("{FAE04EC0-301F-11D3-BF4B-00C04F79EFBC}") = "05_LoopsWithStars", "05_LoopsWithStars\05_LoopsWithStars.csproj", "{CEDC790F-E55C-4149-92A0-9BB2093D4379}"
EndProject
Project("{FAE04EC0-301F-11D3-BF4B-00C04F79EFBC}") = "06_Arrays", "06_Arrays\06_Arrays.csproj", "{C42A2940-6BA0-4725-AF59-E2C66A375AE5}"
EndProject
Project("{FAE04EC0-301F-11D3-BF4B-00C04F79EFBC}") = "ForeachLoop", "ForeachLoop\ForeachLoop.csproj", "{B1102A0A-6213-4839-A4C7-C4BA58D1BB53}"
EndProject
Project("{FAE04EC0-301F-11D3-BF4B-00C04F79EFBC}") = "08_Methods", "08_Methods\08_Methods.csproj", "{CE504A35-3819-4B80-9B5E-AD4ABEA5D0C2}"
EndProject
Global
	GlobalSection(SolutionConfigurationPlatforms) = preSolution
		Debug|Any CPU = Debug|Any CPU
		Release|Any CPU = Release|Any CPU
	EndGlobalSection
	GlobalSection(ProjectConfigurationPlatforms) = postSolution
		{F750C7BD-00FC-408A-ACF4-866CBF5CC8C3}.Debug|Any CPU.ActiveCfg = Debug|Any CPU
		{F750C7BD-00FC-408A-ACF4-866CBF5CC8C3}.Debug|Any CPU.Build.0 = Debug|Any CPU
		{F750C7BD-00FC-408A-ACF4-866CBF5CC8C3}.Release|Any CPU.ActiveCfg = Release|Any CPU
		{F750C7BD-00FC-408A-ACF4-866CBF5CC8C3}.Release|Any CPU.Build.0 = Release|Any CPU
		{F84156CF-C165-4009-9B20-2DB0F3C3E9C8}.Debug|Any CPU.ActiveCfg = Debug|Any CPU
		{F84156CF-C165-4009-9B20-2DB0F3C3E9C8}.Debug|Any CPU.Build.0 = Debug|Any CPU
		{F84156CF-C165-4009-9B20-2DB0F3C3E9C8}.Release|Any CPU.ActiveCfg = Release|Any CPU
		{F84156CF-C165-4009-9B20-2DB0F3C3E9C8}.Release|Any CPU.Build.0 = Release|Any CPU
		{6F693F46-F052-4A3D-B80F-2BF6D37BF598}.Debug|Any CPU.ActiveCfg = Debug|Any CPU
		{6F693F46-F052-4A3D-B80F-2BF6D37BF598}.Debug|Any CPU.Build.0 = Debug|Any CPU
		{6F693F46-F052-4A3D-B80F-2BF6D37BF598}.Release|Any CPU.ActiveCfg = Release|Any CPU
		{6F693F46-F052-4A3D-B80F-2BF6D37BF598}.Release|Any CPU.Build.0 = Release|Any CPU
		{A6F32E55-F848-4FCB-A76C-DCE46C4E0F14}.Debug|Any CPU.ActiveCfg = Debug|Any CPU
		{A6F32E55-F848-4FCB-A76C-DCE46C4E0F14}.Debug|Any CPU.Build.0 = Debug|Any CPU
		{A6F32E55-F848-4FCB-A76C-DCE46C4E0F14}.Release|Any CPU.ActiveCfg = Release|Any CPU
		{A6F32E55-F848-4FCB-A76C-DCE46C4E0F14}.Release|Any CPU.Build.0 = Release|Any CPU
		{CEDC790F-E55C-4149-92A0-9BB2093D4379}.Debug|Any CPU.ActiveCfg = Debug|Any CPU
		{CEDC790F-E55C-4149-92A0-9BB2093D4379}.Debug|Any CPU.Build.0 = Debug|Any CPU
		{CEDC790F-E55C-4149-92A0-9BB2093D4379}.Release|Any CPU.ActiveCfg = Release|Any CPU
		{CEDC790F-E55C-4149-92A0-9BB2093D4379}.Release|Any CPU.Build.0 = Release|Any CPU
		{C42A2940-6BA0-4725-AF59-E2C66A375AE5}.Debug|Any CPU.ActiveCfg = Debug|Any CPU
		{C42A2940-6BA0-4725-AF59-E2C66A375AE5}.Debug|Any CPU.Build.0 = Debug|Any CPU
		{C42A2940-6BA0-4725-AF59-E2C66A375AE5}.Release|Any CPU.ActiveCfg = Release|Any CPU
		{C42A2940-6BA0-4725-AF59-E2C66A375AE5}.Release|Any CPU.Build.0 = Release|Any CPU
		{B1102A0A-6213-4839-A4C7-C4BA58D1BB53}.Debug|Any CPU.ActiveCfg = Debug|Any CPU
		{B1102A0A-6213-4839-A4C7-C4BA58D1BB53}.Debug|Any CPU.Build.0 = Debug|Any CPU
		{B1102A0A-6213-4839-A4C7-C4BA58D1BB53}.Release|Any CPU.ActiveCfg = Release|Any CPU
		{B1102A0A-6213-4839-A4C7-C4BA58D1BB53}.Release|Any CPU.Build.0 = Release|Any CPU
		{CE504A35-3819-4B80-9B5E-AD4ABEA5D0C2}.Debug|Any CPU.ActiveCfg = Debug|Any CPU
		{CE504A35-3819-4B80-9B5E-AD4ABEA5D0C2}.Debug|Any CPU.Build.0 = Debug|Any CPU
		{CE504A35-3819-4B80-9B5E-AD4ABEA5D0C2}.Release|Any CPU.ActiveCfg = Release|Any CPU
		{CE504A35-3819-4B80-9B5E-AD4ABEA5D0C2}.Release|Any CPU.Build.0 = Release|Any CPU
	EndGlobalSection
	GlobalSection(SolutionProperties) = preSolution
		HideSolutionNode = FALSE
	EndGlobalSection
	GlobalSection(ExtensibilityGlobals) = postSolution
		SolutionGuid = {F72244DC-9907-4396-9958-F9A066F788E4}
	EndGlobalSection
EndGlobal
